
Microsoft Visual Studio Solution File, Format Version 12.00
# Visual Studio Version 16
VisualStudioVersion = 16.0.30204.135
MinimumVisualStudioVersion = 10.0.40219.1
Project("{9A19103F-16F7-4668-BE54-9A1E7A4F7556}") = "RazorPagesTuturial", "RazorPagesTuturial\RazorPagesTuturial.csproj", "{0A9CE5C5-4588-42C9-A9E3-F1BD478AC68C}"
EndProject
Project("{FAE04EC0-301F-11D3-BF4B-00C04F79EFBC}") = "RazorPagesTuturialModels", "RazorPagesTuturialModels\RazorPagesTuturialModels.csproj", "{95D2DC49-1EE6-4A04-A80C-301041016911}"
EndProject
Project("{FAE04EC0-301F-11D3-BF4B-00C04F79EFBC}") = "RazorPagesTutorial.Services", "RazorPagesTutorial.Services\RazorPagesTutorial.Services.csproj", "{000D04E7-A641-4E6F-BC5E-4587B0D392D3}"
EndProject
Global
	GlobalSection(SolutionConfigurationPlatforms) = preSolution
		Debug|Any CPU = Debug|Any CPU
		Release|Any CPU = Release|Any CPU
	EndGlobalSection
	GlobalSection(ProjectConfigurationPlatforms) = postSolution
		{0A9CE5C5-4588-42C9-A9E3-F1BD478AC68C}.Debug|Any CPU.ActiveCfg = Debug|Any CPU
		{0A9CE5C5-4588-42C9-A9E3-F1BD478AC68C}.Debug|Any CPU.Build.0 = Debug|Any CPU
		{0A9CE5C5-4588-42C9-A9E3-F1BD478AC68C}.Release|Any CPU.ActiveCfg = Release|Any CPU
		{0A9CE5C5-4588-42C9-A9E3-F1BD478AC68C}.Release|Any CPU.Build.0 = Release|Any CPU
		{95D2DC49-1EE6-4A04-A80C-301041016911}.Debug|Any CPU.ActiveCfg = Debug|Any CPU
		{95D2DC49-1EE6-4A04-A80C-301041016911}.Debug|Any CPU.Build.0 = Debug|Any CPU
		{95D2DC49-1EE6-4A04-A80C-301041016911}.Release|Any CPU.ActiveCfg = Release|Any CPU
		{95D2DC49-1EE6-4A04-A80C-301041016911}.Release|Any CPU.Build.0 = Release|Any CPU
		{000D04E7-A641-4E6F-BC5E-4587B0D392D3}.Debug|Any CPU.ActiveCfg = Debug|Any CPU
		{000D04E7-A641-4E6F-BC5E-4587B0D392D3}.Debug|Any CPU.Build.0 = Debug|Any CPU
		{000D04E7-A641-4E6F-BC5E-4587B0D392D3}.Release|Any CPU.ActiveCfg = Release|Any CPU
		{000D04E7-A641-4E6F-BC5E-4587B0D392D3}.Release|Any CPU.Build.0 = Release|Any CPU
	EndGlobalSection
	GlobalSection(SolutionProperties) = preSolution
		HideSolutionNode = FALSE
	EndGlobalSection
	GlobalSection(ExtensibilityGlobals) = postSolution
		SolutionGuid = {71881410-5B1A-4D54-9B76-A6D1434FEA12}
	EndGlobalSection
EndGlobal
